// !$*UTF8*$!
{
	archiveVersion = 1;
	classes = {
	};
	objectVersion = 56;
	objects = {

/* Begin PBXBuildFile section */
		A6FA5D972BDBEB6100A4840A /* AppleMusicActivityApp.swift in Sources */ = {isa = PBXBuildFile; fileRef = A6FA5D962BDBEB6100A4840A /* AppleMusicActivityApp.swift */; };
		A6FA5D992BDBEB6100A4840A /* ContentView.swift in Sources */ = {isa = PBXBuildFile; fileRef = A6FA5D982BDBEB6100A4840A /* ContentView.swift */; };
		A6FA5D9B2BDBEB6200A4840A /* Assets.xcassets in Resources */ = {isa = PBXBuildFile; fileRef = A6FA5D9A2BDBEB6200A4840A /* Assets.xcassets */; };
		A6FA5D9E2BDBEB6200A4840A /* Preview Assets.xcassets in Resources */ = {isa = PBXBuildFile; fileRef = A6FA5D9D2BDBEB6200A4840A /* Preview Assets.xcassets */; };
		A6FA5DA92BDBEB6300A4840A /* AppleMusicActivityTests.swift in Sources */ = {isa = PBXBuildFile; fileRef = A6FA5DA82BDBEB6300A4840A /* AppleMusicActivityTests.swift */; };
		A6FA5DB32BDBEB6300A4840A /* AppleMusicActivityUITests.swift in Sources */ = {isa = PBXBuildFile; fileRef = A6FA5DB22BDBEB6300A4840A /* AppleMusicActivityUITests.swift */; };
		A6FA5DB52BDBEB6300A4840A /* AppleMusicActivityUITestsLaunchTests.swift in Sources */ = {isa = PBXBuildFile; fileRef = A6FA5DB42BDBEB6300A4840A /* AppleMusicActivityUITestsLaunchTests.swift */; };
		A6FA5DCC2BDBEC6600A4840A /* AppleMusicObserver.swift in Sources */ = {isa = PBXBuildFile; fileRef = A6FA5DC12BDBEC6600A4840A /* AppleMusicObserver.swift */; };
		A6FA5DCD2BDBEC6600A4840A /* AppleMusicObserverDelegate.swift in Sources */ = {isa = PBXBuildFile; fileRef = A6FA5DC22BDBEC6600A4840A /* AppleMusicObserverDelegate.swift */; };
		A6FA5DCE2BDBEC6600A4840A /* AppleMusicTrack.swift in Sources */ = {isa = PBXBuildFile; fileRef = A6FA5DC32BDBEC6600A4840A /* AppleMusicTrack.swift */; };
		A6FA5DCF2BDBEC6600A4840A /* DiscordAPIHandler.swift in Sources */ = {isa = PBXBuildFile; fileRef = A6FA5DC52BDBEC6600A4840A /* DiscordAPIHandler.swift */; };
		A6FA5DD02BDBEC6600A4840A /* MenuBarView.swift in Sources */ = {isa = PBXBuildFile; fileRef = A6FA5DC82BDBEC6600A4840A /* MenuBarView.swift */; };
		A6FA5DD52BDBEC8900A4840A /* AppleMusicActivityEngine.swift in Sources */ = {isa = PBXBuildFile; fileRef = A6FA5DD32BDBEC8900A4840A /* AppleMusicActivityEngine.swift */; };
		A6FA5DD82BDBECDE00A4840A /* DiscordRPC in Frameworks */ = {isa = PBXBuildFile; productRef = A6FA5DD72BDBECDE00A4840A /* DiscordRPC */; };
		A6FA5DDB2BDBED1700A4840A /* FirebaseStorage in Frameworks */ = {isa = PBXBuildFile; productRef = A6FA5DDA2BDBED1700A4840A /* FirebaseStorage */; };
		A6FA5DDD2BDBEEEC00A4840A /* GoogleService-Info.plist in Resources */ = {isa = PBXBuildFile; fileRef = A6FA5DDC2BDBEEEC00A4840A /* GoogleService-Info.plist */; };
		A6FA5DDF2BDBEF9000A4840A /* Info.plist in Resources */ = {isa = PBXBuildFile; fileRef = A6FA5DDE2BDBEF9000A4840A /* Info.plist */; };
/* End PBXBuildFile section */

/* Begin PBXContainerItemProxy section */
		A6FA5DA52BDBEB6300A4840A /* PBXContainerItemProxy */ = {
			isa = PBXContainerItemProxy;
			containerPortal = A6FA5D8B2BDBEB6100A4840A /* Project object */;
			proxyType = 1;
			remoteGlobalIDString = A6FA5D922BDBEB6100A4840A;
			remoteInfo = AppleMusicActivity;
		};
		A6FA5DAF2BDBEB6300A4840A /* PBXContainerItemProxy */ = {
			isa = PBXContainerItemProxy;
			containerPortal = A6FA5D8B2BDBEB6100A4840A /* Project object */;
			proxyType = 1;
			remoteGlobalIDString = A6FA5D922BDBEB6100A4840A;
			remoteInfo = AppleMusicActivity;
		};
/* End PBXContainerItemProxy section */

/* Begin PBXFileReference section */
		A6FA5D932BDBEB6100A4840A /* AppleMusicActivity.app */ = {isa = PBXFileReference; explicitFileType = wrapper.application; includeInIndex = 0; path = AppleMusicActivity.app; sourceTree = BUILT_PRODUCTS_DIR; };
		A6FA5D962BDBEB6100A4840A /* AppleMusicActivityApp.swift */ = {isa = PBXFileReference; lastKnownFileType = sourcecode.swift; path = AppleMusicActivityApp.swift; sourceTree = "<group>"; };
		A6FA5D982BDBEB6100A4840A /* ContentView.swift */ = {isa = PBXFileReference; lastKnownFileType = sourcecode.swift; path = ContentView.swift; sourceTree = "<group>"; };
		A6FA5D9A2BDBEB6200A4840A /* Assets.xcassets */ = {isa = PBXFileReference; lastKnownFileType = folder.assetcatalog; path = Assets.xcassets; sourceTree = "<group>"; };
		A6FA5D9D2BDBEB6200A4840A /* Preview Assets.xcassets */ = {isa = PBXFileReference; lastKnownFileType = folder.assetcatalog; path = "Preview Assets.xcassets"; sourceTree = "<group>"; };
		A6FA5D9F2BDBEB6200A4840A /* AppleMusicActivity.entitlements */ = {isa = PBXFileReference; lastKnownFileType = text.plist.entitlements; path = AppleMusicActivity.entitlements; sourceTree = "<group>"; };
		A6FA5DA42BDBEB6300A4840A /* AppleMusicActivityTests.xctest */ = {isa = PBXFileReference; explicitFileType = wrapper.cfbundle; includeInIndex = 0; path = AppleMusicActivityTests.xctest; sourceTree = BUILT_PRODUCTS_DIR; };
		A6FA5DA82BDBEB6300A4840A /* AppleMusicActivityTests.swift */ = {isa = PBXFileReference; lastKnownFileType = sourcecode.swift; path = AppleMusicActivityTests.swift; sourceTree = "<group>"; };
		A6FA5DAE2BDBEB6300A4840A /* AppleMusicActivityUITests.xctest */ = {isa = PBXFileReference; explicitFileType = wrapper.cfbundle; includeInIndex = 0; path = AppleMusicActivityUITests.xctest; sourceTree = BUILT_PRODUCTS_DIR; };
		A6FA5DB22BDBEB6300A4840A /* AppleMusicActivityUITests.swift */ = {isa = PBXFileReference; lastKnownFileType = sourcecode.swift; path = AppleMusicActivityUITests.swift; sourceTree = "<group>"; };
		A6FA5DB42BDBEB6300A4840A /* AppleMusicActivityUITestsLaunchTests.swift */ = {isa = PBXFileReference; lastKnownFileType = sourcecode.swift; path = AppleMusicActivityUITestsLaunchTests.swift; sourceTree = "<group>"; };
		A6FA5DC12BDBEC6600A4840A /* AppleMusicObserver.swift */ = {isa = PBXFileReference; fileEncoding = 4; lastKnownFileType = sourcecode.swift; path = AppleMusicObserver.swift; sourceTree = "<group>"; };
		A6FA5DC22BDBEC6600A4840A /* AppleMusicObserverDelegate.swift */ = {isa = PBXFileReference; fileEncoding = 4; lastKnownFileType = sourcecode.swift; path = AppleMusicObserverDelegate.swift; sourceTree = "<group>"; };
		A6FA5DC32BDBEC6600A4840A /* AppleMusicTrack.swift */ = {isa = PBXFileReference; fileEncoding = 4; lastKnownFileType = sourcecode.swift; path = AppleMusicTrack.swift; sourceTree = "<group>"; };
		A6FA5DC52BDBEC6600A4840A /* DiscordAPIHandler.swift */ = {isa = PBXFileReference; fileEncoding = 4; lastKnownFileType = sourcecode.swift; path = DiscordAPIHandler.swift; sourceTree = "<group>"; };
		A6FA5DC82BDBEC6600A4840A /* MenuBarView.swift */ = {isa = PBXFileReference; fileEncoding = 4; lastKnownFileType = sourcecode.swift; path = MenuBarView.swift; sourceTree = "<group>"; };
		A6FA5DCA2BDBEC6600A4840A /* Local.xcconfig */ = {isa = PBXFileReference; fileEncoding = 4; lastKnownFileType = text.xcconfig; path = Local.xcconfig; sourceTree = "<group>"; };
		A6FA5DD32BDBEC8900A4840A /* AppleMusicActivityEngine.swift */ = {isa = PBXFileReference; fileEncoding = 4; lastKnownFileType = sourcecode.swift; path = AppleMusicActivityEngine.swift; sourceTree = "<group>"; };
		A6FA5DDC2BDBEEEC00A4840A /* GoogleService-Info.plist */ = {isa = PBXFileReference; fileEncoding = 4; lastKnownFileType = text.plist.xml; path = "GoogleService-Info.plist"; sourceTree = "<group>"; };
		A6FA5DDE2BDBEF9000A4840A /* Info.plist */ = {isa = PBXFileReference; fileEncoding = 4; lastKnownFileType = text.plist.xml; name = Info.plist; path = AppleMusicActivity/Info.plist; sourceTree = "<group>"; };
/* End PBXFileReference section */

/* Begin PBXFrameworksBuildPhase section */
		A6FA5D902BDBEB6100A4840A /* Frameworks */ = {
			isa = PBXFrameworksBuildPhase;
			buildActionMask = 2147483647;
			files = (
				A6FA5DD82BDBECDE00A4840A /* DiscordRPC in Frameworks */,
				A6FA5DDB2BDBED1700A4840A /* FirebaseStorage in Frameworks */,
			);
			runOnlyForDeploymentPostprocessing = 0;
		};
		A6FA5DA12BDBEB6300A4840A /* Frameworks */ = {
			isa = PBXFrameworksBuildPhase;
			buildActionMask = 2147483647;
			files = (
			);
			runOnlyForDeploymentPostprocessing = 0;
		};
		A6FA5DAB2BDBEB6300A4840A /* Frameworks */ = {
			isa = PBXFrameworksBuildPhase;
			buildActionMask = 2147483647;
			files = (
			);
			runOnlyForDeploymentPostprocessing = 0;
		};
/* End PBXFrameworksBuildPhase section */

/* Begin PBXGroup section */
		A6FA5D8A2BDBEB6100A4840A = {
			isa = PBXGroup;
			children = (
				A6FA5DDE2BDBEF9000A4840A /* Info.plist */,
				A6FA5DDC2BDBEEEC00A4840A /* GoogleService-Info.plist */,
				A6FA5D952BDBEB6100A4840A /* AppleMusicActivity */,
				A6FA5DA72BDBEB6300A4840A /* AppleMusicActivityTests */,
				A6FA5DB12BDBEB6300A4840A /* AppleMusicActivityUITests */,
				A6FA5D942BDBEB6100A4840A /* Products */,
			);
			sourceTree = "<group>";
		};
		A6FA5D942BDBEB6100A4840A /* Products */ = {
			isa = PBXGroup;
			children = (
				A6FA5D932BDBEB6100A4840A /* AppleMusicActivity.app */,
				A6FA5DA42BDBEB6300A4840A /* AppleMusicActivityTests.xctest */,
				A6FA5DAE2BDBEB6300A4840A /* AppleMusicActivityUITests.xctest */,
			);
			name = Products;
			sourceTree = "<group>";
		};
		A6FA5D952BDBEB6100A4840A /* AppleMusicActivity */ = {
			isa = PBXGroup;
			children = (
				A6FA5DCB2BDBEC6600A4840A /* Configuration */,
				A6FA5DC72BDBEC6600A4840A /* Hook */,
				A6FA5DC92BDBEC6600A4840A /* View */,
				A6FA5D962BDBEB6100A4840A /* AppleMusicActivityApp.swift */,
				A6FA5DD32BDBEC8900A4840A /* AppleMusicActivityEngine.swift */,
				A6FA5D982BDBEB6100A4840A /* ContentView.swift */,
				A6FA5D9A2BDBEB6200A4840A /* Assets.xcassets */,
				A6FA5D9F2BDBEB6200A4840A /* AppleMusicActivity.entitlements */,
				A6FA5D9C2BDBEB6200A4840A /* Preview Content */,
			);
			path = AppleMusicActivity;
			sourceTree = "<group>";
		};
		A6FA5D9C2BDBEB6200A4840A /* Preview Content */ = {
			isa = PBXGroup;
			children = (
				A6FA5D9D2BDBEB6200A4840A /* Preview Assets.xcassets */,
			);
			path = "Preview Content";
			sourceTree = "<group>";
		};
		A6FA5DA72BDBEB6300A4840A /* AppleMusicActivityTests */ = {
			isa = PBXGroup;
			children = (
				A6FA5DA82BDBEB6300A4840A /* AppleMusicActivityTests.swift */,
			);
			path = AppleMusicActivityTests;
			sourceTree = "<group>";
		};
		A6FA5DB12BDBEB6300A4840A /* AppleMusicActivityUITests */ = {
			isa = PBXGroup;
			children = (
				A6FA5DB22BDBEB6300A4840A /* AppleMusicActivityUITests.swift */,
				A6FA5DB42BDBEB6300A4840A /* AppleMusicActivityUITestsLaunchTests.swift */,
			);
			path = AppleMusicActivityUITests;
			sourceTree = "<group>";
		};
		A6FA5DC42BDBEC6600A4840A /* AppleMusic */ = {
			isa = PBXGroup;
			children = (
				A6FA5DC12BDBEC6600A4840A /* AppleMusicObserver.swift */,
				A6FA5DC22BDBEC6600A4840A /* AppleMusicObserverDelegate.swift */,
				A6FA5DC32BDBEC6600A4840A /* AppleMusicTrack.swift */,
			);
			path = AppleMusic;
			sourceTree = "<group>";
		};
		A6FA5DC62BDBEC6600A4840A /* Discord */ = {
			isa = PBXGroup;
			children = (
				A6FA5DC52BDBEC6600A4840A /* DiscordAPIHandler.swift */,
			);
			path = Discord;
			sourceTree = "<group>";
		};
		A6FA5DC72BDBEC6600A4840A /* Hook */ = {
			isa = PBXGroup;
			children = (
				A6FA5DC42BDBEC6600A4840A /* AppleMusic */,
				A6FA5DC62BDBEC6600A4840A /* Discord */,
			);
			path = Hook;
			sourceTree = "<group>";
		};
		A6FA5DC92BDBEC6600A4840A /* View */ = {
			isa = PBXGroup;
			children = (
				A6FA5DC82BDBEC6600A4840A /* MenuBarView.swift */,
			);
			path = View;
			sourceTree = "<group>";
		};
		A6FA5DCB2BDBEC6600A4840A /* Configuration */ = {
			isa = PBXGroup;
			children = (
				A6FA5DCA2BDBEC6600A4840A /* Local.xcconfig */,
			);
			path = Configuration;
			sourceTree = "<group>";
		};
/* End PBXGroup section */

/* Begin PBXNativeTarget section */
		A6FA5D922BDBEB6100A4840A /* AppleMusicActivity */ = {
			isa = PBXNativeTarget;
			buildConfigurationList = A6FA5DB82BDBEB6300A4840A /* Build configuration list for PBXNativeTarget "AppleMusicActivity" */;
			buildPhases = (
				A6FA5D8F2BDBEB6100A4840A /* Sources */,
				A6FA5D902BDBEB6100A4840A /* Frameworks */,
				A6FA5D912BDBEB6100A4840A /* Resources */,
			);
			buildRules = (
			);
			dependencies = (
			);
			name = AppleMusicActivity;
			packageProductDependencies = (
				A6FA5DD72BDBECDE00A4840A /* DiscordRPC */,
				A6FA5DDA2BDBED1700A4840A /* FirebaseStorage */,
			);
			productName = AppleMusicActivity;
			productReference = A6FA5D932BDBEB6100A4840A /* AppleMusicActivity.app */;
			productType = "com.apple.product-type.application";
		};
		A6FA5DA32BDBEB6300A4840A /* AppleMusicActivityTests */ = {
			isa = PBXNativeTarget;
			buildConfigurationList = A6FA5DBB2BDBEB6300A4840A /* Build configuration list for PBXNativeTarget "AppleMusicActivityTests" */;
			buildPhases = (
				A6FA5DA02BDBEB6300A4840A /* Sources */,
				A6FA5DA12BDBEB6300A4840A /* Frameworks */,
				A6FA5DA22BDBEB6300A4840A /* Resources */,
			);
			buildRules = (
			);
			dependencies = (
				A6FA5DA62BDBEB6300A4840A /* PBXTargetDependency */,
			);
			name = AppleMusicActivityTests;
			productName = AppleMusicActivityTests;
			productReference = A6FA5DA42BDBEB6300A4840A /* AppleMusicActivityTests.xctest */;
			productType = "com.apple.product-type.bundle.unit-test";
		};
		A6FA5DAD2BDBEB6300A4840A /* AppleMusicActivityUITests */ = {
			isa = PBXNativeTarget;
			buildConfigurationList = A6FA5DBE2BDBEB6300A4840A /* Build configuration list for PBXNativeTarget "AppleMusicActivityUITests" */;
			buildPhases = (
				A6FA5DAA2BDBEB6300A4840A /* Sources */,
				A6FA5DAB2BDBEB6300A4840A /* Frameworks */,
				A6FA5DAC2BDBEB6300A4840A /* Resources */,
			);
			buildRules = (
			);
			dependencies = (
				A6FA5DB02BDBEB6300A4840A /* PBXTargetDependency */,
			);
			name = AppleMusicActivityUITests;
			productName = AppleMusicActivityUITests;
			productReference = A6FA5DAE2BDBEB6300A4840A /* AppleMusicActivityUITests.xctest */;
			productType = "com.apple.product-type.bundle.ui-testing";
		};
/* End PBXNativeTarget section */

/* Begin PBXProject section */
		A6FA5D8B2BDBEB6100A4840A /* Project object */ = {
			isa = PBXProject;
			attributes = {
				BuildIndependentTargetsInParallel = 1;
				LastSwiftUpdateCheck = 1530;
				LastUpgradeCheck = 1530;
				TargetAttributes = {
					A6FA5D922BDBEB6100A4840A = {
						CreatedOnToolsVersion = 15.3;
					};
					A6FA5DA32BDBEB6300A4840A = {
						CreatedOnToolsVersion = 15.3;
						TestTargetID = A6FA5D922BDBEB6100A4840A;
					};
					A6FA5DAD2BDBEB6300A4840A = {
						CreatedOnToolsVersion = 15.3;
						TestTargetID = A6FA5D922BDBEB6100A4840A;
					};
				};
			};
			buildConfigurationList = A6FA5D8E2BDBEB6100A4840A /* Build configuration list for PBXProject "AppleMusicActivity" */;
			compatibilityVersion = "Xcode 14.0";
			developmentRegion = en;
			hasScannedForEncodings = 0;
			knownRegions = (
				en,
				Base,
			);
			mainGroup = A6FA5D8A2BDBEB6100A4840A;
			packageReferences = (
				A6FA5DD62BDBECDE00A4840A /* XCRemoteSwiftPackageReference "DiscordRPC" */,
				A6FA5DD92BDBED1700A4840A /* XCRemoteSwiftPackageReference "firebase-ios-sdk" */,
			);
			productRefGroup = A6FA5D942BDBEB6100A4840A /* Products */;
			projectDirPath = "";
			projectRoot = "";
			targets = (
				A6FA5D922BDBEB6100A4840A /* AppleMusicActivity */,
				A6FA5DA32BDBEB6300A4840A /* AppleMusicActivityTests */,
				A6FA5DAD2BDBEB6300A4840A /* AppleMusicActivityUITests */,
			);
		};
/* End PBXProject section */

/* Begin PBXResourcesBuildPhase section */
		A6FA5D912BDBEB6100A4840A /* Resources */ = {
			isa = PBXResourcesBuildPhase;
			buildActionMask = 2147483647;
			files = (
				A6FA5DDF2BDBEF9000A4840A /* Info.plist in Resources */,
				A6FA5D9E2BDBEB6200A4840A /* Preview Assets.xcassets in Resources */,
				A6FA5DDD2BDBEEEC00A4840A /* GoogleService-Info.plist in Resources */,
				A6FA5D9B2BDBEB6200A4840A /* Assets.xcassets in Resources */,
			);
			runOnlyForDeploymentPostprocessing = 0;
		};
		A6FA5DA22BDBEB6300A4840A /* Resources */ = {
			isa = PBXResourcesBuildPhase;
			buildActionMask = 2147483647;
			files = (
			);
			runOnlyForDeploymentPostprocessing = 0;
		};
		A6FA5DAC2BDBEB6300A4840A /* Resources */ = {
			isa = PBXResourcesBuildPhase;
			buildActionMask = 2147483647;
			files = (
			);
			runOnlyForDeploymentPostprocessing = 0;
		};
/* End PBXResourcesBuildPhase section */

/* Begin PBXSourcesBuildPhase section */
		A6FA5D8F2BDBEB6100A4840A /* Sources */ = {
			isa = PBXSourcesBuildPhase;
			buildActionMask = 2147483647;
			files = (
				A6FA5DCF2BDBEC6600A4840A /* DiscordAPIHandler.swift in Sources */,
				A6FA5D992BDBEB6100A4840A /* ContentView.swift in Sources */,
				A6FA5DD02BDBEC6600A4840A /* MenuBarView.swift in Sources */,
				A6FA5DD52BDBEC8900A4840A /* AppleMusicActivityEngine.swift in Sources */,
				A6FA5DCC2BDBEC6600A4840A /* AppleMusicObserver.swift in Sources */,
				A6FA5DCE2BDBEC6600A4840A /* AppleMusicTrack.swift in Sources */,
				A6FA5DCD2BDBEC6600A4840A /* AppleMusicObserverDelegate.swift in Sources */,
				A6FA5D972BDBEB6100A4840A /* AppleMusicActivityApp.swift in Sources */,
			);
			runOnlyForDeploymentPostprocessing = 0;
		};
		A6FA5DA02BDBEB6300A4840A /* Sources */ = {
			isa = PBXSourcesBuildPhase;
			buildActionMask = 2147483647;
			files = (
				A6FA5DA92BDBEB6300A4840A /* AppleMusicActivityTests.swift in Sources */,
			);
			runOnlyForDeploymentPostprocessing = 0;
		};
		A6FA5DAA2BDBEB6300A4840A /* Sources */ = {
			isa = PBXSourcesBuildPhase;
			buildActionMask = 2147483647;
			files = (
				A6FA5DB52BDBEB6300A4840A /* AppleMusicActivityUITestsLaunchTests.swift in Sources */,
				A6FA5DB32BDBEB6300A4840A /* AppleMusicActivityUITests.swift in Sources */,
			);
			runOnlyForDeploymentPostprocessing = 0;
		};
/* End PBXSourcesBuildPhase section */

/* Begin PBXTargetDependency section */
		A6FA5DA62BDBEB6300A4840A /* PBXTargetDependency */ = {
			isa = PBXTargetDependency;
			target = A6FA5D922BDBEB6100A4840A /* AppleMusicActivity */;
			targetProxy = A6FA5DA52BDBEB6300A4840A /* PBXContainerItemProxy */;
		};
		A6FA5DB02BDBEB6300A4840A /* PBXTargetDependency */ = {
			isa = PBXTargetDependency;
			target = A6FA5D922BDBEB6100A4840A /* AppleMusicActivity */;
			targetProxy = A6FA5DAF2BDBEB6300A4840A /* PBXContainerItemProxy */;
		};
/* End PBXTargetDependency section */

/* Begin XCBuildConfiguration section */
		A6FA5DB62BDBEB6300A4840A /* Debug */ = {
			isa = XCBuildConfiguration;
			baseConfigurationReference = A6FA5DCA2BDBEC6600A4840A /* Local.xcconfig */;
			buildSettings = {
				ALWAYS_SEARCH_USER_PATHS = NO;
				ASSETCATALOG_COMPILER_GENERATE_SWIFT_ASSET_SYMBOL_EXTENSIONS = YES;
				CLANG_ANALYZER_NONNULL = YES;
				CLANG_ANALYZER_NUMBER_OBJECT_CONVERSION = YES_AGGRESSIVE;
				CLANG_CXX_LANGUAGE_STANDARD = "gnu++20";
				CLANG_ENABLE_MODULES = YES;
				CLANG_ENABLE_OBJC_ARC = YES;
				CLANG_ENABLE_OBJC_WEAK = YES;
				CLANG_WARN_BLOCK_CAPTURE_AUTORELEASING = YES;
				CLANG_WARN_BOOL_CONVERSION = YES;
				CLANG_WARN_COMMA = YES;
				CLANG_WARN_CONSTANT_CONVERSION = YES;
				CLANG_WARN_DEPRECATED_OBJC_IMPLEMENTATIONS = YES;
				CLANG_WARN_DIRECT_OBJC_ISA_USAGE = YES_ERROR;
				CLANG_WARN_DOCUMENTATION_COMMENTS = YES;
				CLANG_WARN_EMPTY_BODY = YES;
				CLANG_WARN_ENUM_CONVERSION = YES;
				CLANG_WARN_INFINITE_RECURSION = YES;
				CLANG_WARN_INT_CONVERSION = YES;
				CLANG_WARN_NON_LITERAL_NULL_CONVERSION = YES;
				CLANG_WARN_OBJC_IMPLICIT_RETAIN_SELF = YES;
				CLANG_WARN_OBJC_LITERAL_CONVERSION = YES;
				CLANG_WARN_OBJC_ROOT_CLASS = YES_ERROR;
				CLANG_WARN_QUOTED_INCLUDE_IN_FRAMEWORK_HEADER = YES;
				CLANG_WARN_RANGE_LOOP_ANALYSIS = YES;
				CLANG_WARN_STRICT_PROTOTYPES = YES;
				CLANG_WARN_SUSPICIOUS_MOVE = YES;
				CLANG_WARN_UNGUARDED_AVAILABILITY = YES_AGGRESSIVE;
				CLANG_WARN_UNREACHABLE_CODE = YES;
				CLANG_WARN__DUPLICATE_METHOD_MATCH = YES;
				COPY_PHASE_STRIP = NO;
				DEBUG_INFORMATION_FORMAT = dwarf;
				ENABLE_STRICT_OBJC_MSGSEND = YES;
				ENABLE_TESTABILITY = YES;
				ENABLE_USER_SCRIPT_SANDBOXING = YES;
				GCC_C_LANGUAGE_STANDARD = gnu17;
				GCC_DYNAMIC_NO_PIC = NO;
				GCC_NO_COMMON_BLOCKS = YES;
				GCC_OPTIMIZATION_LEVEL = 0;
				GCC_PREPROCESSOR_DEFINITIONS = (
					"DEBUG=1",
					"$(inherited)",
				);
				GCC_WARN_64_TO_32_BIT_CONVERSION = YES;
				GCC_WARN_ABOUT_RETURN_TYPE = YES_ERROR;
				GCC_WARN_UNDECLARED_SELECTOR = YES;
				GCC_WARN_UNINITIALIZED_AUTOS = YES_AGGRESSIVE;
				GCC_WARN_UNUSED_FUNCTION = YES;
				GCC_WARN_UNUSED_VARIABLE = YES;
				LOCALIZATION_PREFERS_STRING_CATALOGS = YES;
				MACOSX_DEPLOYMENT_TARGET = 14.4;
				MTL_ENABLE_DEBUG_INFO = INCLUDE_SOURCE;
				MTL_FAST_MATH = YES;
				ONLY_ACTIVE_ARCH = YES;
				SDKROOT = macosx;
				SWIFT_ACTIVE_COMPILATION_CONDITIONS = "DEBUG $(inherited)";
				SWIFT_OPTIMIZATION_LEVEL = "-Onone";
			};
			name = Debug;
		};
		A6FA5DB72BDBEB6300A4840A /* Release */ = {
			isa = XCBuildConfiguration;
			baseConfigurationReference = A6FA5DCA2BDBEC6600A4840A /* Local.xcconfig */;
			buildSettings = {
				ALWAYS_SEARCH_USER_PATHS = NO;
				ASSETCATALOG_COMPILER_GENERATE_SWIFT_ASSET_SYMBOL_EXTENSIONS = YES;
				CLANG_ANALYZER_NONNULL = YES;
				CLANG_ANALYZER_NUMBER_OBJECT_CONVERSION = YES_AGGRESSIVE;
				CLANG_CXX_LANGUAGE_STANDARD = "gnu++20";
				CLANG_ENABLE_MODULES = YES;
				CLANG_ENABLE_OBJC_ARC = YES;
				CLANG_ENABLE_OBJC_WEAK = YES;
				CLANG_WARN_BLOCK_CAPTURE_AUTORELEASING = YES;
				CLANG_WARN_BOOL_CONVERSION = YES;
				CLANG_WARN_COMMA = YES;
				CLANG_WARN_CONSTANT_CONVERSION = YES;
				CLANG_WARN_DEPRECATED_OBJC_IMPLEMENTATIONS = YES;
				CLANG_WARN_DIRECT_OBJC_ISA_USAGE = YES_ERROR;
				CLANG_WARN_DOCUMENTATION_COMMENTS = YES;
				CLANG_WARN_EMPTY_BODY = YES;
				CLANG_WARN_ENUM_CONVERSION = YES;
				CLANG_WARN_INFINITE_RECURSION = YES;
				CLANG_WARN_INT_CONVERSION = YES;
				CLANG_WARN_NON_LITERAL_NULL_CONVERSION = YES;
				CLANG_WARN_OBJC_IMPLICIT_RETAIN_SELF = YES;
				CLANG_WARN_OBJC_LITERAL_CONVERSION = YES;
				CLANG_WARN_OBJC_ROOT_CLASS = YES_ERROR;
				CLANG_WARN_QUOTED_INCLUDE_IN_FRAMEWORK_HEADER = YES;
				CLANG_WARN_RANGE_LOOP_ANALYSIS = YES;
				CLANG_WARN_STRICT_PROTOTYPES = YES;
				CLANG_WARN_SUSPICIOUS_MOVE = YES;
				CLANG_WARN_UNGUARDED_AVAILABILITY = YES_AGGRESSIVE;
				CLANG_WARN_UNREACHABLE_CODE = YES;
				CLANG_WARN__DUPLICATE_METHOD_MATCH = YES;
				COPY_PHASE_STRIP = NO;
				DEBUG_INFORMATION_FORMAT = "dwarf-with-dsym";
				ENABLE_NS_ASSERTIONS = NO;
				ENABLE_STRICT_OBJC_MSGSEND = YES;
				ENABLE_USER_SCRIPT_SANDBOXING = YES;
				GCC_C_LANGUAGE_STANDARD = gnu17;
				GCC_NO_COMMON_BLOCKS = YES;
				GCC_WARN_64_TO_32_BIT_CONVERSION = YES;
				GCC_WARN_ABOUT_RETURN_TYPE = YES_ERROR;
				GCC_WARN_UNDECLARED_SELECTOR = YES;
				GCC_WARN_UNINITIALIZED_AUTOS = YES_AGGRESSIVE;
				GCC_WARN_UNUSED_FUNCTION = YES;
				GCC_WARN_UNUSED_VARIABLE = YES;
				LOCALIZATION_PREFERS_STRING_CATALOGS = YES;
				MACOSX_DEPLOYMENT_TARGET = 14.4;
				MTL_ENABLE_DEBUG_INFO = NO;
				MTL_FAST_MATH = YES;
				SDKROOT = macosx;
				SWIFT_COMPILATION_MODE = wholemodule;
			};
			name = Release;
		};
		A6FA5DB92BDBEB6300A4840A /* Debug */ = {
			isa = XCBuildConfiguration;
			baseConfigurationReference = A6FA5DCA2BDBEC6600A4840A /* Local.xcconfig */;
			buildSettings = {
				ASSETCATALOG_COMPILER_APPICON_NAME = AppIcon;
				ASSETCATALOG_COMPILER_GLOBAL_ACCENT_COLOR_NAME = AccentColor;
				CODE_SIGN_ENTITLEMENTS = AppleMusicActivity/AppleMusicActivity.entitlements;
				"CODE_SIGN_IDENTITY[sdk=macosx*]" = "Apple Development";
				CODE_SIGN_STYLE = Automatic;
				COMBINE_HIDPI_IMAGES = YES;
				CURRENT_PROJECT_VERSION = 1;
				DEVELOPMENT_ASSET_PATHS = "\"AppleMusicActivity/Preview Content\"";
				DEVELOPMENT_TEAM = 7JS2XS2Z9W;
				ENABLE_HARDENED_RUNTIME = YES;
				ENABLE_PREVIEWS = YES;
				GENERATE_INFOPLIST_FILE = YES;
				INFOPLIST_FILE = AppleMusicActivity/Info.plist;
				INFOPLIST_KEY_CFBundleDisplayName = AppleMusicActivity;
				INFOPLIST_KEY_LSApplicationCategoryType = "";
				INFOPLIST_KEY_NSAppleEventsUsageDescription = "This app runs Apple Script to retrieve Apple Music information";
				INFOPLIST_KEY_NSHumanReadableCopyright = "";
				LD_RUNPATH_SEARCH_PATHS = (
					"$(inherited)",
					"@executable_path/../Frameworks",
				);
				MACOSX_DEPLOYMENT_TARGET = 14.0;
				MARKETING_VERSION = 1.0.2;
				PRODUCT_BUNDLE_IDENTIFIER = net.amk3y.AppleMusicActivity;
				PRODUCT_NAME = "$(TARGET_NAME)";
				SWIFT_EMIT_LOC_STRINGS = YES;
				SWIFT_VERSION = 5.0;
			};
			name = Debug;
		};
		A6FA5DBA2BDBEB6300A4840A /* Release */ = {
			isa = XCBuildConfiguration;
			baseConfigurationReference = A6FA5DCA2BDBEC6600A4840A /* Local.xcconfig */;
			buildSettings = {
				ASSETCATALOG_COMPILER_APPICON_NAME = AppIcon;
				ASSETCATALOG_COMPILER_GLOBAL_ACCENT_COLOR_NAME = AccentColor;
				CODE_SIGN_ENTITLEMENTS = AppleMusicActivity/AppleMusicActivity.entitlements;
				"CODE_SIGN_IDENTITY[sdk=macosx*]" = "Apple Development";
				CODE_SIGN_STYLE = Automatic;
				COMBINE_HIDPI_IMAGES = YES;
				CURRENT_PROJECT_VERSION = 1;
				DEVELOPMENT_ASSET_PATHS = "\"AppleMusicActivity/Preview Content\"";
				DEVELOPMENT_TEAM = 7JS2XS2Z9W;
				ENABLE_HARDENED_RUNTIME = YES;
				ENABLE_PREVIEWS = YES;
				GENERATE_INFOPLIST_FILE = YES;
				INFOPLIST_FILE = AppleMusicActivity/Info.plist;
				INFOPLIST_KEY_CFBundleDisplayName = AppleMusicActivity;
				INFOPLIST_KEY_LSApplicationCategoryType = "";
				INFOPLIST_KEY_NSAppleEventsUsageDescription = "This app runs Apple Script to retrieve Apple Music information";
				INFOPLIST_KEY_NSHumanReadableCopyright = "";
				LD_RUNPATH_SEARCH_PATHS = (
					"$(inherited)",
					"@executable_path/../Frameworks",
				);
				MACOSX_DEPLOYMENT_TARGET = 14.0;
				MARKETING_VERSION = 1.0.2;
				PRODUCT_BUNDLE_IDENTIFIER = net.amk3y.AppleMusicActivity;
				PRODUCT_NAME = "$(TARGET_NAME)";
				SWIFT_EMIT_LOC_STRINGS = YES;
				SWIFT_VERSION = 5.0;
			};
			name = Release;
		};
		A6FA5DBC2BDBEB6300A4840A /* Debug */ = {
			isa = XCBuildConfiguration;
			buildSettings = {
				ALWAYS_EMBED_SWIFT_STANDARD_LIBRARIES = YES;
				BUNDLE_LOADER = "$(TEST_HOST)";
				CODE_SIGN_STYLE = Automatic;
				CURRENT_PROJECT_VERSION = 1;
				DEVELOPMENT_TEAM = 7JS2XS2Z9W;
				GENERATE_INFOPLIST_FILE = YES;
				MACOSX_DEPLOYMENT_TARGET = 14.4;
				MARKETING_VERSION = 1.0;
				PRODUCT_BUNDLE_IDENTIFIER = net.amk3y.AppleMusicActivityTests;
				PRODUCT_NAME = "$(TARGET_NAME)";
				SWIFT_EMIT_LOC_STRINGS = NO;
				SWIFT_VERSION = 5.0;
				TEST_HOST = "$(BUILT_PRODUCTS_DIR)/AppleMusicActivity.app/$(BUNDLE_EXECUTABLE_FOLDER_PATH)/AppleMusicActivity";
			};
			name = Debug;
		};
		A6FA5DBD2BDBEB6300A4840A /* Release */ = {
			isa = XCBuildConfiguration;
			buildSettings = {
				ALWAYS_EMBED_SWIFT_STANDARD_LIBRARIES = YES;
				BUNDLE_LOADER = "$(TEST_HOST)";
				CODE_SIGN_STYLE = Automatic;
				CURRENT_PROJECT_VERSION = 1;
				DEVELOPMENT_TEAM = 7JS2XS2Z9W;
				GENERATE_INFOPLIST_FILE = YES;
				MACOSX_DEPLOYMENT_TARGET = 14.4;
				MARKETING_VERSION = 1.0;
				PRODUCT_BUNDLE_IDENTIFIER = net.amk3y.AppleMusicActivityTests;
				PRODUCT_NAME = "$(TARGET_NAME)";
				SWIFT_EMIT_LOC_STRINGS = NO;
				SWIFT_VERSION = 5.0;
				TEST_HOST = "$(BUILT_PRODUCTS_DIR)/AppleMusicActivity.app/$(BUNDLE_EXECUTABLE_FOLDER_PATH)/AppleMusicActivity";
			};
			name = Release;
		};
		A6FA5DBF2BDBEB6300A4840A /* Debug */ = {
			isa = XCBuildConfiguration;
			buildSettings = {
				ALWAYS_EMBED_SWIFT_STANDARD_LIBRARIES = YES;
				CODE_SIGN_STYLE = Automatic;
				CURRENT_PROJECT_VERSION = 1;
				DEVELOPMENT_TEAM = 7JS2XS2Z9W;
				GENERATE_INFOPLIST_FILE = YES;
				MARKETING_VERSION = 1.0;
				PRODUCT_BUNDLE_IDENTIFIER = net.amk3y.AppleMusicActivityUITests;
				PRODUCT_NAME = "$(TARGET_NAME)";
				SWIFT_EMIT_LOC_STRINGS = NO;
				SWIFT_VERSION = 5.0;
				TEST_TARGET_NAME = AppleMusicActivity;
			};
			name = Debug;
		};
		A6FA5DC02BDBEB6300A4840A /* Release */ = {
			isa = XCBuildConfiguration;
			buildSettings = {
				ALWAYS_EMBED_SWIFT_STANDARD_LIBRARIES = YES;
				CODE_SIGN_STYLE = Automatic;
				CURRENT_PROJECT_VERSION = 1;
				DEVELOPMENT_TEAM = 7JS2XS2Z9W;
				GENERATE_INFOPLIST_FILE = YES;
				MARKETING_VERSION = 1.0;
				PRODUCT_BUNDLE_IDENTIFIER = net.amk3y.AppleMusicActivityUITests;
				PRODUCT_NAME = "$(TARGET_NAME)";
				SWIFT_EMIT_LOC_STRINGS = NO;
				SWIFT_VERSION = 5.0;
				TEST_TARGET_NAME = AppleMusicActivity;
			};
			name = Release;
		};
/* End XCBuildConfiguration section */

/* Begin XCConfigurationList section */
		A6FA5D8E2BDBEB6100A4840A /* Build configuration list for PBXProject "AppleMusicActivity" */ = {
			isa = XCConfigurationList;
			buildConfigurations = (
				A6FA5DB62BDBEB6300A4840A /* Debug */,
				A6FA5DB72BDBEB6300A4840A /* Release */,
			);
			defaultConfigurationIsVisible = 0;
			defaultConfigurationName = Release;
		};
		A6FA5DB82BDBEB6300A4840A /* Build configuration list for PBXNativeTarget "AppleMusicActivity" */ = {
			isa = XCConfigurationList;
			buildConfigurations = (
				A6FA5DB92BDBEB6300A4840A /* Debug */,
				A6FA5DBA2BDBEB6300A4840A /* Release */,
			);
			defaultConfigurationIsVisible = 0;
			defaultConfigurationName = Release;
		};
		A6FA5DBB2BDBEB6300A4840A /* Build configuration list for PBXNativeTarget "AppleMusicActivityTests" */ = {
			isa = XCConfigurationList;
			buildConfigurations = (
				A6FA5DBC2BDBEB6300A4840A /* Debug */,
				A6FA5DBD2BDBEB6300A4840A /* Release */,
			);
			defaultConfigurationIsVisible = 0;
			defaultConfigurationName = Release;
		};
		A6FA5DBE2BDBEB6300A4840A /* Build configuration list for PBXNativeTarget "AppleMusicActivityUITests" */ = {
			isa = XCConfigurationList;
			buildConfigurations = (
				A6FA5DBF2BDBEB6300A4840A /* Debug */,
				A6FA5DC02BDBEB6300A4840A /* Release */,
			);
			defaultConfigurationIsVisible = 0;
			defaultConfigurationName = Release;
		};
/* End XCConfigurationList section */

/* Begin XCRemoteSwiftPackageReference section */
		A6FA5DD62BDBECDE00A4840A /* XCRemoteSwiftPackageReference "DiscordRPC" */ = {
			isa = XCRemoteSwiftPackageReference;
			repositoryURL = "https://github.com/amk3y/DiscordRPC";
			requirement = {
				kind = upToNextMajorVersion;
				minimumVersion = 1.0.1;
			};
		};
		A6FA5DD92BDBED1700A4840A /* XCRemoteSwiftPackageReference "firebase-ios-sdk" */ = {
			isa = XCRemoteSwiftPackageReference;
			repositoryURL = "https://github.com/firebase/firebase-ios-sdk";
			requirement = {
				kind = upToNextMajorVersion;
				minimumVersion = 10.24.0;
			};
		};
/* End XCRemoteSwiftPackageReference section */

/* Begin XCSwiftPackageProductDependency section */
		A6FA5DD72BDBECDE00A4840A /* DiscordRPC */ = {
			isa = XCSwiftPackageProductDependency;
			package = A6FA5DD62BDBECDE00A4840A /* XCRemoteSwiftPackageReference "DiscordRPC" */;
			productName = DiscordRPC;
		};
		A6FA5DDA2BDBED1700A4840A /* FirebaseStorage */ = {
			isa = XCSwiftPackageProductDependency;
			package = A6FA5DD92BDBED1700A4840A /* XCRemoteSwiftPackageReference "firebase-ios-sdk" */;
			productName = FirebaseStorage;
		};
/* End XCSwiftPackageProductDependency section */
	};
	rootObject = A6FA5D8B2BDBEB6100A4840A /* Project object */;
}
